// !$*UTF8*$!
{
	archiveVersion = 1;
	classes = {
	};
	objectVersion = 55;
	objects = {

/* Begin PBXBuildFile section */
		A3963337271671E8003F3FED /* SwiftUI_AppetisersApp.swift in Sources */ = {isa = PBXBuildFile; fileRef = A3963336271671E8003F3FED /* SwiftUI_AppetisersApp.swift */; };
		A3963339271671E8003F3FED /* AppetiserTabView.swift in Sources */ = {isa = PBXBuildFile; fileRef = A3963338271671E8003F3FED /* AppetiserTabView.swift */; };
		A396333B271671EA003F3FED /* Assets.xcassets in Resources */ = {isa = PBXBuildFile; fileRef = A396333A271671EA003F3FED /* Assets.xcassets */; };
		A396333E271671EA003F3FED /* Preview Assets.xcassets in Resources */ = {isa = PBXBuildFile; fileRef = A396333D271671EA003F3FED /* Preview Assets.xcassets */; };
		A3D12F042722692B00A43051 /* ListView.swift in Sources */ = {isa = PBXBuildFile; fileRef = A3D12F032722692B00A43051 /* ListView.swift */; };
		A3D12F062722693400A43051 /* AccountView.swift in Sources */ = {isa = PBXBuildFile; fileRef = A3D12F052722693400A43051 /* AccountView.swift */; };
		A3D12F082722693B00A43051 /* OrderView.swift in Sources */ = {isa = PBXBuildFile; fileRef = A3D12F072722693B00A43051 /* OrderView.swift */; };
		A3D12F0A27226C6700A43051 /* AppertiserModel.swift in Sources */ = {isa = PBXBuildFile; fileRef = A3D12F0927226C6700A43051 /* AppertiserModel.swift */; };
		A3D7F8F427263F3C000A8DCB /* ListViewCell.swift in Sources */ = {isa = PBXBuildFile; fileRef = A3D7F8F327263F3B000A8DCB /* ListViewCell.swift */; };
		A3D7F8F627264D53000A8DCB /* NetworkManager.swift in Sources */ = {isa = PBXBuildFile; fileRef = A3D7F8F527264D53000A8DCB /* NetworkManager.swift */; };
		A3D7F8F827264E31000A8DCB /* APError.swift in Sources */ = {isa = PBXBuildFile; fileRef = A3D7F8F727264E31000A8DCB /* APError.swift */; };
		A3D7F8FA27265D0B000A8DCB /* ListViewModel.swift in Sources */ = {isa = PBXBuildFile; fileRef = A3D7F8F927265D0B000A8DCB /* ListViewModel.swift */; };
		A3D7F8FC27265E2F000A8DCB /* Alert.swift in Sources */ = {isa = PBXBuildFile; fileRef = A3D7F8FB27265E2F000A8DCB /* Alert.swift */; };
		A3D7F8FE272661D6000A8DCB /* LoadingView.swift in Sources */ = {isa = PBXBuildFile; fileRef = A3D7F8FD272661D6000A8DCB /* LoadingView.swift */; };
		A3D7F9002726628F000A8DCB /* Colour+Ext.swift in Sources */ = {isa = PBXBuildFile; fileRef = A3D7F8FF2726628F000A8DCB /* Colour+Ext.swift */; };
		A3D7F902272668C3000A8DCB /* RemoteImage.swift in Sources */ = {isa = PBXBuildFile; fileRef = A3D7F901272668C3000A8DCB /* RemoteImage.swift */; };
		A3D7F91227267387000A8DCB /* DetailView.swift in Sources */ = {isa = PBXBuildFile; fileRef = A3D7F91127267387000A8DCB /* DetailView.swift */; };
		A3D7F9152727B8DA000A8DCB /* APButton.swift in Sources */ = {isa = PBXBuildFile; fileRef = A3D7F9142727B8DA000A8DCB /* APButton.swift */; };
		A3D7F9172727B96A000A8DCB /* XDismissButton.swift in Sources */ = {isa = PBXBuildFile; fileRef = A3D7F9162727B96A000A8DCB /* XDismissButton.swift */; };
		A3D7F9192727BE4B000A8DCB /* AccountViewModel.swift in Sources */ = {isa = PBXBuildFile; fileRef = A3D7F9182727BE4B000A8DCB /* AccountViewModel.swift */; };
		A3D7F91B2727BFB1000A8DCB /* String+Email.swift in Sources */ = {isa = PBXBuildFile; fileRef = A3D7F91A2727BFB1000A8DCB /* String+Email.swift */; };
		A3D7F91D2727CA25000A8DCB /* User.swift in Sources */ = {isa = PBXBuildFile; fileRef = A3D7F91C2727CA25000A8DCB /* User.swift */; };
		A3FDC3F5272A523900500AA4 /* EmptyState.swift in Sources */ = {isa = PBXBuildFile; fileRef = A3FDC3F4272A523900500AA4 /* EmptyState.swift */; };
		A3FDC3F7272A552000500AA4 /* Order.swift in Sources */ = {isa = PBXBuildFile; fileRef = A3FDC3F6272A552000500AA4 /* Order.swift */; };
/* End PBXBuildFile section */

/* Begin PBXFileReference section */
		A3963333271671E8003F3FED /* SwiftUI-Appetisers.app */ = {isa = PBXFileReference; explicitFileType = wrapper.application; includeInIndex = 0; path = "SwiftUI-Appetisers.app"; sourceTree = BUILT_PRODUCTS_DIR; };
		A3963336271671E8003F3FED /* SwiftUI_AppetisersApp.swift */ = {isa = PBXFileReference; lastKnownFileType = sourcecode.swift; name = SwiftUI_AppetisersApp.swift; path = "SwiftUI-Appetiser/Main/SwiftUI_AppetisersApp.swift"; sourceTree = SOURCE_ROOT; };
		A3963338271671E8003F3FED /* AppetiserTabView.swift */ = {isa = PBXFileReference; lastKnownFileType = sourcecode.swift; path = AppetiserTabView.swift; sourceTree = "<group>"; };
		A396333A271671EA003F3FED /* Assets.xcassets */ = {isa = PBXFileReference; lastKnownFileType = folder.assetcatalog; path = Assets.xcassets; sourceTree = "<group>"; };
		A396333D271671EA003F3FED /* Preview Assets.xcassets */ = {isa = PBXFileReference; lastKnownFileType = folder.assetcatalog; path = "Preview Assets.xcassets"; sourceTree = "<group>"; };
		A3D12F032722692B00A43051 /* ListView.swift */ = {isa = PBXFileReference; lastKnownFileType = sourcecode.swift; path = ListView.swift; sourceTree = "<group>"; };
		A3D12F052722693400A43051 /* AccountView.swift */ = {isa = PBXFileReference; lastKnownFileType = sourcecode.swift; path = AccountView.swift; sourceTree = "<group>"; };
		A3D12F072722693B00A43051 /* OrderView.swift */ = {isa = PBXFileReference; lastKnownFileType = sourcecode.swift; path = OrderView.swift; sourceTree = "<group>"; };
		A3D12F0927226C6700A43051 /* AppertiserModel.swift */ = {isa = PBXFileReference; lastKnownFileType = sourcecode.swift; path = AppertiserModel.swift; sourceTree = "<group>"; };
		A3D7F8F327263F3B000A8DCB /* ListViewCell.swift */ = {isa = PBXFileReference; lastKnownFileType = sourcecode.swift; path = ListViewCell.swift; sourceTree = "<group>"; };
		A3D7F8F527264D53000A8DCB /* NetworkManager.swift */ = {isa = PBXFileReference; lastKnownFileType = sourcecode.swift; path = NetworkManager.swift; sourceTree = "<group>"; };
		A3D7F8F727264E31000A8DCB /* APError.swift */ = {isa = PBXFileReference; lastKnownFileType = sourcecode.swift; path = APError.swift; sourceTree = "<group>"; };
		A3D7F8F927265D0B000A8DCB /* ListViewModel.swift */ = {isa = PBXFileReference; lastKnownFileType = sourcecode.swift; path = ListViewModel.swift; sourceTree = "<group>"; };
		A3D7F8FB27265E2F000A8DCB /* Alert.swift */ = {isa = PBXFileReference; lastKnownFileType = sourcecode.swift; path = Alert.swift; sourceTree = "<group>"; };
		A3D7F8FD272661D6000A8DCB /* LoadingView.swift */ = {isa = PBXFileReference; lastKnownFileType = sourcecode.swift; path = LoadingView.swift; sourceTree = "<group>"; };
		A3D7F8FF2726628F000A8DCB /* Colour+Ext.swift */ = {isa = PBXFileReference; lastKnownFileType = sourcecode.swift; path = "Colour+Ext.swift"; sourceTree = "<group>"; };
		A3D7F901272668C3000A8DCB /* RemoteImage.swift */ = {isa = PBXFileReference; lastKnownFileType = sourcecode.swift; path = RemoteImage.swift; sourceTree = "<group>"; };
		A3D7F91127267387000A8DCB /* DetailView.swift */ = {isa = PBXFileReference; lastKnownFileType = sourcecode.swift; path = DetailView.swift; sourceTree = "<group>"; };
		A3D7F9142727B8DA000A8DCB /* APButton.swift */ = {isa = PBXFileReference; lastKnownFileType = sourcecode.swift; path = APButton.swift; sourceTree = "<group>"; };
		A3D7F9162727B96A000A8DCB /* XDismissButton.swift */ = {isa = PBXFileReference; lastKnownFileType = sourcecode.swift; path = XDismissButton.swift; sourceTree = "<group>"; };
		A3D7F9182727BE4B000A8DCB /* AccountViewModel.swift */ = {isa = PBXFileReference; lastKnownFileType = sourcecode.swift; path = AccountViewModel.swift; sourceTree = "<group>"; };
		A3D7F91A2727BFB1000A8DCB /* String+Email.swift */ = {isa = PBXFileReference; lastKnownFileType = sourcecode.swift; path = "String+Email.swift"; sourceTree = "<group>"; };
		A3D7F91C2727CA25000A8DCB /* User.swift */ = {isa = PBXFileReference; lastKnownFileType = sourcecode.swift; path = User.swift; sourceTree = "<group>"; };
		A3FDC3F4272A523900500AA4 /* EmptyState.swift */ = {isa = PBXFileReference; lastKnownFileType = sourcecode.swift; path = EmptyState.swift; sourceTree = "<group>"; };
		A3FDC3F6272A552000500AA4 /* Order.swift */ = {isa = PBXFileReference; lastKnownFileType = sourcecode.swift; path = Order.swift; sourceTree = "<group>"; };
/* End PBXFileReference section */

/* Begin PBXFrameworksBuildPhase section */
		A3963330271671E8003F3FED /* Frameworks */ = {
			isa = PBXFrameworksBuildPhase;
			buildActionMask = 2147483647;
			files = (
			);
			runOnlyForDeploymentPostprocessing = 0;
		};
/* End PBXFrameworksBuildPhase section */

/* Begin PBXGroup section */
		A396332A271671E8003F3FED = {
			isa = PBXGroup;
			children = (
				A3963335271671E8003F3FED /* SwiftUI-Appetisers */,
				A3963334271671E8003F3FED /* Products */,
			);
			sourceTree = "<group>";
		};
		A3963334271671E8003F3FED /* Products */ = {
			isa = PBXGroup;
			children = (
				A3963333271671E8003F3FED /* SwiftUI-Appetisers.app */,
			);
			name = Products;
			sourceTree = "<group>";
		};
		A3963335271671E8003F3FED /* SwiftUI-Appetisers */ = {
			isa = PBXGroup;
			children = (
				A3D7F90B2726725F000A8DCB /* Model */,
				A3D7F90727267223000A8DCB /* Utilities */,
				A3D7F90C27267281000A8DCB /* Views */,
				A3D7F903272671B0000A8DCB /* Screens */,
				A3D7F910272672C8000A8DCB /* Main */,
			);
			name = "SwiftUI-Appetisers";
			path = "SwiftUI-Appetiser";
			sourceTree = "<group>";
		};
		A396333C271671EA003F3FED /* Preview Content */ = {
			isa = PBXGroup;
			children = (
				A396333D271671EA003F3FED /* Preview Assets.xcassets */,
			);
			path = "Preview Content";
			sourceTree = "<group>";
		};
		A3D7F903272671B0000A8DCB /* Screens */ = {
			isa = PBXGroup;
			children = (
				A3963338271671E8003F3FED /* AppetiserTabView.swift */,
				A3D7F906272671DA000A8DCB /* OrderView */,
				A3D7F905272671C9000A8DCB /* AccountView */,
				A3D7F904272671BF000A8DCB /* ListView */,
			);
			path = Screens;
			sourceTree = "<group>";
		};
		A3D7F904272671BF000A8DCB /* ListView */ = {
			isa = PBXGroup;
			children = (
				A3D7F8F927265D0B000A8DCB /* ListViewModel.swift */,
				A3D12F032722692B00A43051 /* ListView.swift */,
				A3D7F91127267387000A8DCB /* DetailView.swift */,
			);
			path = ListView;
			sourceTree = "<group>";
		};
		A3D7F905272671C9000A8DCB /* AccountView */ = {
			isa = PBXGroup;
			children = (
				A3D12F052722693400A43051 /* AccountView.swift */,
				A3D7F9182727BE4B000A8DCB /* AccountViewModel.swift */,
			);
			path = AccountView;
			sourceTree = "<group>";
		};
		A3D7F906272671DA000A8DCB /* OrderView */ = {
			isa = PBXGroup;
			children = (
				A3D12F072722693B00A43051 /* OrderView.swift */,
			);
			path = OrderView;
			sourceTree = "<group>";
		};
		A3D7F90727267223000A8DCB /* Utilities */ = {
			isa = PBXGroup;
			children = (
				A3D7F90A27267243000A8DCB /* Alerts */,
				A3D7F90927267232000A8DCB /* Extensions */,
				A3D7F9082726722B000A8DCB /* Managers */,
			);
			path = Utilities;
			sourceTree = "<group>";
		};
		A3D7F9082726722B000A8DCB /* Managers */ = {
			isa = PBXGroup;
			children = (
				A3D7F8F527264D53000A8DCB /* NetworkManager.swift */,
			);
			path = Managers;
			sourceTree = "<group>";
		};
		A3D7F90927267232000A8DCB /* Extensions */ = {
			isa = PBXGroup;
			children = (
				A3D7F8FF2726628F000A8DCB /* Colour+Ext.swift */,
				A3D7F91A2727BFB1000A8DCB /* String+Email.swift */,
			);
			path = Extensions;
			sourceTree = "<group>";
		};
		A3D7F90A27267243000A8DCB /* Alerts */ = {
			isa = PBXGroup;
			children = (
				A3D7F8FB27265E2F000A8DCB /* Alert.swift */,
				A3D7F8F727264E31000A8DCB /* APError.swift */,
			);
			path = Alerts;
			sourceTree = "<group>";
		};
		A3D7F90B2726725F000A8DCB /* Model */ = {
			isa = PBXGroup;
			children = (
				A3D12F0927226C6700A43051 /* AppertiserModel.swift */,
				A3D7F91C2727CA25000A8DCB /* User.swift */,
				A3FDC3F6272A552000500AA4 /* Order.swift */,
			);
			path = Model;
			sourceTree = "<group>";
		};
		A3D7F90C27267281000A8DCB /* Views */ = {
			isa = PBXGroup;
			children = (
				A3FDC3F3272A522000500AA4 /* Empty */,
				A3D7F9132727B8CB000A8DCB /* Buttons */,
				A3D7F90F27267297000A8DCB /* Image */,
				A3D7F90E27267291000A8DCB /* Cells */,
				A3D7F90D27267289000A8DCB /* UIKit Components */,
			);
			path = Views;
			sourceTree = "<group>";
		};
		A3D7F90D27267289000A8DCB /* UIKit Components */ = {
			isa = PBXGroup;
			children = (
				A3D7F8FD272661D6000A8DCB /* LoadingView.swift */,
			);
			path = "UIKit Components";
			sourceTree = "<group>";
		};
		A3D7F90E27267291000A8DCB /* Cells */ = {
			isa = PBXGroup;
			children = (
				A3D7F8F327263F3B000A8DCB /* ListViewCell.swift */,
			);
			path = Cells;
			sourceTree = "<group>";
		};
		A3D7F90F27267297000A8DCB /* Image */ = {
			isa = PBXGroup;
			children = (
				A3D7F901272668C3000A8DCB /* RemoteImage.swift */,
			);
			path = Image;
			sourceTree = "<group>";
		};
		A3D7F910272672C8000A8DCB /* Main */ = {
			isa = PBXGroup;
			children = (
				A3963336271671E8003F3FED /* SwiftUI_AppetisersApp.swift */,
				A396333A271671EA003F3FED /* Assets.xcassets */,
				A396333C271671EA003F3FED /* Preview Content */,
			);
			path = Main;
			sourceTree = "<group>";
		};
		A3D7F9132727B8CB000A8DCB /* Buttons */ = {
			isa = PBXGroup;
			children = (
				A3D7F9142727B8DA000A8DCB /* APButton.swift */,
				A3D7F9162727B96A000A8DCB /* XDismissButton.swift */,
			);
			path = Buttons;
			sourceTree = "<group>";
		};
		A3FDC3F3272A522000500AA4 /* Empty */ = {
			isa = PBXGroup;
			children = (
				A3FDC3F4272A523900500AA4 /* EmptyState.swift */,
			);
			path = Empty;
			sourceTree = "<group>";
		};
/* End PBXGroup section */

/* Begin PBXNativeTarget section */
		A3963332271671E8003F3FED /* SwiftUI-Appetisers */ = {
			isa = PBXNativeTarget;
			buildConfigurationList = A3963341271671EA003F3FED /* Build configuration list for PBXNativeTarget "SwiftUI-Appetisers" */;
			buildPhases = (
				A396332F271671E8003F3FED /* Sources */,
				A3963330271671E8003F3FED /* Frameworks */,
				A3963331271671E8003F3FED /* Resources */,
			);
			buildRules = (
			);
			dependencies = (
			);
			name = "SwiftUI-Appetisers";
			productName = "SwiftUI-Appetisers";
			productReference = A3963333271671E8003F3FED /* SwiftUI-Appetisers.app */;
			productType = "com.apple.product-type.application";
		};
/* End PBXNativeTarget section */

/* Begin PBXProject section */
		A396332B271671E8003F3FED /* Project object */ = {
			isa = PBXProject;
			attributes = {
				BuildIndependentTargetsInParallel = 1;
				LastSwiftUpdateCheck = 1300;
				LastUpgradeCheck = 1300;
				TargetAttributes = {
					A3963332271671E8003F3FED = {
						CreatedOnToolsVersion = 13.0;
					};
				};
			};
			buildConfigurationList = A396332E271671E8003F3FED /* Build configuration list for PBXProject "SwiftUI-Appetiser" */;
			compatibilityVersion = "Xcode 13.0";
			developmentRegion = en;
			hasScannedForEncodings = 0;
			knownRegions = (
				en,
				Base,
			);
			mainGroup = A396332A271671E8003F3FED;
			productRefGroup = A3963334271671E8003F3FED /* Products */;
			projectDirPath = "";
			projectRoot = "";
			targets = (
				A3963332271671E8003F3FED /* SwiftUI-Appetisers */,
			);
		};
/* End PBXProject section */

/* Begin PBXResourcesBuildPhase section */
		A3963331271671E8003F3FED /* Resources */ = {
			isa = PBXResourcesBuildPhase;
			buildActionMask = 2147483647;
			files = (
				A396333E271671EA003F3FED /* Preview Assets.xcassets in Resources */,
				A396333B271671EA003F3FED /* Assets.xcassets in Resources */,
			);
			runOnlyForDeploymentPostprocessing = 0;
		};
/* End PBXResourcesBuildPhase section */

/* Begin PBXSourcesBuildPhase section */
		A396332F271671E8003F3FED /* Sources */ = {
			isa = PBXSourcesBuildPhase;
			buildActionMask = 2147483647;
			files = (
				A3D12F062722693400A43051 /* AccountView.swift in Sources */,
				A3D7F8F827264E31000A8DCB /* APError.swift in Sources */,
				A3D7F9172727B96A000A8DCB /* XDismissButton.swift in Sources */,
				A3D12F042722692B00A43051 /* ListView.swift in Sources */,
				A3FDC3F7272A552000500AA4 /* Order.swift in Sources */,
				A3D7F91B2727BFB1000A8DCB /* String+Email.swift in Sources */,
				A3D7F9192727BE4B000A8DCB /* AccountViewModel.swift in Sources */,
				A3D12F0A27226C6700A43051 /* AppertiserModel.swift in Sources */,
				A3D7F9002726628F000A8DCB /* Colour+Ext.swift in Sources */,
				A3D7F91D2727CA25000A8DCB /* User.swift in Sources */,
				A3963339271671E8003F3FED /* AppetiserTabView.swift in Sources */,
				A3D7F9152727B8DA000A8DCB /* APButton.swift in Sources */,
				A3D7F8FE272661D6000A8DCB /* LoadingView.swift in Sources */,
				A3D7F8F627264D53000A8DCB /* NetworkManager.swift in Sources */,
				A3963337271671E8003F3FED /* SwiftUI_AppetisersApp.swift in Sources */,
				A3D7F902272668C3000A8DCB /* RemoteImage.swift in Sources */,
				A3FDC3F5272A523900500AA4 /* EmptyState.swift in Sources */,
				A3D7F8FA27265D0B000A8DCB /* ListViewModel.swift in Sources */,
				A3D7F8FC27265E2F000A8DCB /* Alert.swift in Sources */,
				A3D12F082722693B00A43051 /* OrderView.swift in Sources */,
				A3D7F91227267387000A8DCB /* DetailView.swift in Sources */,
				A3D7F8F427263F3C000A8DCB /* ListViewCell.swift in Sources */,
			);
			runOnlyForDeploymentPostprocessing = 0;
		};
/* End PBXSourcesBuildPhase section */

/* Begin XCBuildConfiguration section */
		A396333F271671EA003F3FED /* Debug */ = {
			isa = XCBuildConfiguration;
			buildSettings = {
				ALWAYS_SEARCH_USER_PATHS = NO;
				CLANG_ANALYZER_NONNULL = YES;
				CLANG_ANALYZER_NUMBER_OBJECT_CONVERSION = YES_AGGRESSIVE;
				CLANG_CXX_LANGUAGE_STANDARD = "gnu++17";
				CLANG_CXX_LIBRARY = "libc++";
				CLANG_ENABLE_MODULES = YES;
				CLANG_ENABLE_OBJC_ARC = YES;
				CLANG_ENABLE_OBJC_WEAK = YES;
				CLANG_WARN_BLOCK_CAPTURE_AUTORELEASING = YES;
				CLANG_WARN_BOOL_CONVERSION = YES;
				CLANG_WARN_COMMA = YES;
				CLANG_WARN_CONSTANT_CONVERSION = YES;
				CLANG_WARN_DEPRECATED_OBJC_IMPLEMENTATIONS = YES;
				CLANG_WARN_DIRECT_OBJC_ISA_USAGE = YES_ERROR;
				CLANG_WARN_DOCUMENTATION_COMMENTS = YES;
				CLANG_WARN_EMPTY_BODY = YES;
				CLANG_WARN_ENUM_CONVERSION = YES;
				CLANG_WARN_INFINITE_RECURSION = YES;
				CLANG_WARN_INT_CONVERSION = YES;
				CLANG_WARN_NON_LITERAL_NULL_CONVERSION = YES;
				CLANG_WARN_OBJC_IMPLICIT_RETAIN_SELF = YES;
				CLANG_WARN_OBJC_LITERAL_CONVERSION = YES;
				CLANG_WARN_OBJC_ROOT_CLASS = YES_ERROR;
				CLANG_WARN_QUOTED_INCLUDE_IN_FRAMEWORK_HEADER = YES;
				CLANG_WARN_RANGE_LOOP_ANALYSIS = YES;
				CLANG_WARN_STRICT_PROTOTYPES = YES;
				CLANG_WARN_SUSPICIOUS_MOVE = YES;
				CLANG_WARN_UNGUARDED_AVAILABILITY = YES_AGGRESSIVE;
				CLANG_WARN_UNREACHABLE_CODE = YES;
				CLANG_WARN__DUPLICATE_METHOD_MATCH = YES;
				COPY_PHASE_STRIP = NO;
				DEBUG_INFORMATION_FORMAT = dwarf;
				ENABLE_STRICT_OBJC_MSGSEND = YES;
				ENABLE_TESTABILITY = YES;
				GCC_C_LANGUAGE_STANDARD = gnu11;
				GCC_DYNAMIC_NO_PIC = NO;
				GCC_NO_COMMON_BLOCKS = YES;
				GCC_OPTIMIZATION_LEVEL = 0;
				GCC_PREPROCESSOR_DEFINITIONS = (
					"DEBUG=1",
					"$(inherited)",
				);
				GCC_WARN_64_TO_32_BIT_CONVERSION = YES;
				GCC_WARN_ABOUT_RETURN_TYPE = YES_ERROR;
				GCC_WARN_UNDECLARED_SELECTOR = YES;
				GCC_WARN_UNINITIALIZED_AUTOS = YES_AGGRESSIVE;
				GCC_WARN_UNUSED_FUNCTION = YES;
				GCC_WARN_UNUSED_VARIABLE = YES;
				IPHONEOS_DEPLOYMENT_TARGET = 15.0;
				MTL_ENABLE_DEBUG_INFO = INCLUDE_SOURCE;
				MTL_FAST_MATH = YES;
				ONLY_ACTIVE_ARCH = YES;
				SDKROOT = iphoneos;
				SWIFT_ACTIVE_COMPILATION_CONDITIONS = DEBUG;
				SWIFT_OPTIMIZATION_LEVEL = "-Onone";
			};
			name = Debug;
		};
		A3963340271671EA003F3FED /* Release */ = {
			isa = XCBuildConfiguration;
			buildSettings = {
				ALWAYS_SEARCH_USER_PATHS = NO;
				CLANG_ANALYZER_NONNULL = YES;
				CLANG_ANALYZER_NUMBER_OBJECT_CONVERSION = YES_AGGRESSIVE;
				CLANG_CXX_LANGUAGE_STANDARD = "gnu++17";
				CLANG_CXX_LIBRARY = "libc++";
				CLANG_ENABLE_MODULES = YES;
				CLANG_ENABLE_OBJC_ARC = YES;
				CLANG_ENABLE_OBJC_WEAK = YES;
				CLANG_WARN_BLOCK_CAPTURE_AUTORELEASING = YES;
				CLANG_WARN_BOOL_CONVERSION = YES;
				CLANG_WARN_COMMA = YES;
				CLANG_WARN_CONSTANT_CONVERSION = YES;
				CLANG_WARN_DEPRECATED_OBJC_IMPLEMENTATIONS = YES;
				CLANG_WARN_DIRECT_OBJC_ISA_USAGE = YES_ERROR;
				CLANG_WARN_DOCUMENTATION_COMMENTS = YES;
				CLANG_WARN_EMPTY_BODY = YES;
				CLANG_WARN_ENUM_CONVERSION = YES;
				CLANG_WARN_INFINITE_RECURSION = YES;
				CLANG_WARN_INT_CONVERSION = YES;
				CLANG_WARN_NON_LITERAL_NULL_CONVERSION = YES;
				CLANG_WARN_OBJC_IMPLICIT_RETAIN_SELF = YES;
				CLANG_WARN_OBJC_LITERAL_CONVERSION = YES;
				CLANG_WARN_OBJC_ROOT_CLASS = YES_ERROR;
				CLANG_WARN_QUOTED_INCLUDE_IN_FRAMEWORK_HEADER = YES;
				CLANG_WARN_RANGE_LOOP_ANALYSIS = YES;
				CLANG_WARN_STRICT_PROTOTYPES = YES;
				CLANG_WARN_SUSPICIOUS_MOVE = YES;
				CLANG_WARN_UNGUARDED_AVAILABILITY = YES_AGGRESSIVE;
				CLANG_WARN_UNREACHABLE_CODE = YES;
				CLANG_WARN__DUPLICATE_METHOD_MATCH = YES;
				COPY_PHASE_STRIP = NO;
				DEBUG_INFORMATION_FORMAT = "dwarf-with-dsym";
				ENABLE_NS_ASSERTIONS = NO;
				ENABLE_STRICT_OBJC_MSGSEND = YES;
				GCC_C_LANGUAGE_STANDARD = gnu11;
				GCC_NO_COMMON_BLOCKS = YES;
				GCC_WARN_64_TO_32_BIT_CONVERSION = YES;
				GCC_WARN_ABOUT_RETURN_TYPE = YES_ERROR;
				GCC_WARN_UNDECLARED_SELECTOR = YES;
				GCC_WARN_UNINITIALIZED_AUTOS = YES_AGGRESSIVE;
				GCC_WARN_UNUSED_FUNCTION = YES;
				GCC_WARN_UNUSED_VARIABLE = YES;
				IPHONEOS_DEPLOYMENT_TARGET = 15.0;
				MTL_ENABLE_DEBUG_INFO = NO;
				MTL_FAST_MATH = YES;
				SDKROOT = iphoneos;
				SWIFT_COMPILATION_MODE = wholemodule;
				SWIFT_OPTIMIZATION_LEVEL = "-O";
				VALIDATE_PRODUCT = YES;
			};
			name = Release;
		};
		A3963342271671EA003F3FED /* Debug */ = {
			isa = XCBuildConfiguration;
			buildSettings = {
				ASSETCATALOG_COMPILER_APPICON_NAME = AppIcon;
				ASSETCATALOG_COMPILER_GLOBAL_ACCENT_COLOR_NAME = AccentColor;
				CODE_SIGN_STYLE = Automatic;
				CURRENT_PROJECT_VERSION = 1;
				DEVELOPMENT_ASSET_PATHS = "\"SwiftUI-Appetiser/Main/Preview Content\"";
				DEVELOPMENT_TEAM = 36N7S5EZ55;
				ENABLE_PREVIEWS = YES;
				GENERATE_INFOPLIST_FILE = YES;
				INFOPLIST_KEY_UIApplicationSceneManifest_Generation = YES;
				INFOPLIST_KEY_UIApplicationSupportsIndirectInputEvents = YES;
				INFOPLIST_KEY_UILaunchScreen_Generation = YES;
				INFOPLIST_KEY_UISupportedInterfaceOrientations_iPad = "UIInterfaceOrientationPortrait UIInterfaceOrientationPortraitUpsideDown UIInterfaceOrientationLandscapeLeft UIInterfaceOrientationLandscapeRight";
				INFOPLIST_KEY_UISupportedInterfaceOrientations_iPhone = "UIInterfaceOrientationPortrait UIInterfaceOrientationLandscapeLeft UIInterfaceOrientationLandscapeRight";
				IPHONEOS_DEPLOYMENT_TARGET = 14.0;
				LD_RUNPATH_SEARCH_PATHS = (
					"$(inherited)",
					"@executable_path/Frameworks",
				);
				MARKETING_VERSION = 1.0;
				PRODUCT_BUNDLE_IDENTIFIER = "com.markbattistella.SwiftUI-Appetisers";
				PRODUCT_NAME = "$(TARGET_NAME)";
				SWIFT_EMIT_LOC_STRINGS = YES;
				SWIFT_VERSION = 5.0;
				TARGETED_DEVICE_FAMILY = "1,2";
			};
			name = Debug;
		};
		A3963343271671EA003F3FED /* Release */ = {
			isa = XCBuildConfiguration;
			buildSettings = {
				ASSETCATALOG_COMPILER_APPICON_NAME = AppIcon;
				ASSETCATALOG_COMPILER_GLOBAL_ACCENT_COLOR_NAME = AccentColor;
				CODE_SIGN_STYLE = Automatic;
				CURRENT_PROJECT_VERSION = 1;
				DEVELOPMENT_ASSET_PATHS = "\"SwiftUI-Appetiser/Main/Preview Content\"";
				DEVELOPMENT_TEAM = 36N7S5EZ55;
				ENABLE_PREVIEWS = YES;
				GENERATE_INFOPLIST_FILE = YES;
				INFOPLIST_KEY_UIApplicationSceneManifest_Generation = YES;
				INFOPLIST_KEY_UIApplicationSupportsIndirectInputEvents = YES;
				INFOPLIST_KEY_UILaunchScreen_Generation = YES;
				INFOPLIST_KEY_UISupportedInterfaceOrientations_iPad = "UIInterfaceOrientationPortrait UIInterfaceOrientationPortraitUpsideDown UIInterfaceOrientationLandscapeLeft UIInterfaceOrientationLandscapeRight";
				INFOPLIST_KEY_UISupportedInterfaceOrientations_iPhone = "UIInterfaceOrientationPortrait UIInterfaceOrientationLandscapeLeft UIInterfaceOrientationLandscapeRight";
				IPHONEOS_DEPLOYMENT_TARGET = 14.0;
				LD_RUNPATH_SEARCH_PATHS = (
					"$(inherited)",
					"@executable_path/Frameworks",
				);
				MARKETING_VERSION = 1.0;
				PRODUCT_BUNDLE_IDENTIFIER = "com.markbattistella.SwiftUI-Appetisers";
				PRODUCT_NAME = "$(TARGET_NAME)";
				SWIFT_EMIT_LOC_STRINGS = YES;
				SWIFT_VERSION = 5.0;
				TARGETED_DEVICE_FAMILY = "1,2";
			};
			name = Release;
		};
/* End XCBuildConfiguration section */

/* Begin XCConfigurationList section */
		A396332E271671E8003F3FED /* Build configuration list for PBXProject "SwiftUI-Appetiser" */ = {
			isa = XCConfigurationList;
			buildConfigurations = (
				A396333F271671EA003F3FED /* Debug */,
				A3963340271671EA003F3FED /* Release */,
			);
			defaultConfigurationIsVisible = 0;
			defaultConfigurationName = Release;
		};
		A3963341271671EA003F3FED /* Build configuration list for PBXNativeTarget "SwiftUI-Appetisers" */ = {
			isa = XCConfigurationList;
			buildConfigurations = (
				A3963342271671EA003F3FED /* Debug */,
				A3963343271671EA003F3FED /* Release */,
			);
			defaultConfigurationIsVisible = 0;
			defaultConfigurationName = Release;
		};
/* End XCConfigurationList section */
	};
	rootObject = A396332B271671E8003F3FED /* Project object */;
}
